# This file was autogenerated by Stack.
# You should not edit this file by hand.
# For more information, please see the documentation at:
#   https://docs.haskellstack.org/en/stable/lock_files

packages:
- completed:
    hackage: split-0.2.4@sha256:e9f326f46b3daf2c1432e162c047388729e1ca746e0ca5c271b1d1b93c57f1e4,2614
    pantry-tree:
      sha256: 0e59550a8139f0e4f625113218accad71d326ab197ea871d6c44f4cd815b170c
      size: 443
  original:
    hackage: split-0.2.4
- completed:
    hackage: clock-0.8.4@sha256:b938655b00cf204ce69abfff946021bed111d2609a9f7a9c22e28a1a202e9115,4631
    pantry-tree:
      sha256: 0ca511f7ea409e65a9de5539f265bb906a3eec6a4ac1a201731a8a328120cc88
      size: 499
  original:
    hackage: clock-0.8.4
- completed:
    hackage: extra-1.7.14@sha256:e3d3ce1dc7746b1132930e48c59fb5e8c51a09e92e0c031316be031067a273fb,2707
    pantry-tree:
      sha256: 22bd4bbf11717a50e009bbbcb685038d1a45799c71abaf993edd93edcd0b2bc2
      size: 1960
  original:
    hackage: extra-1.7.14
snapshots: []
